
Microsoft Visual Studio Solution File, Format Version 12.00
# Visual Studio 15
Project("{FAE04EC0-301F-11D3-BF4B-00C04F79EFBC}") = "Assembly-CSharp", "Assembly-CSharp.csproj", "{8D06553E-2301-96AC-7040-93DBDCC9D3C7}"
EndProject
Project("{FAE04EC0-301F-11D3-BF4B-00C04F79EFBC}") = "Assembly-CSharp-Editor", "Assembly-CSharp-Editor.csproj", "{F5EBAEE2-3F64-E411-75AF-1BE518E56440}"
EndProject
Global
	GlobalSection(SolutionConfigurationPlatforms) = preSolution
		Debug|Any CPU = Debug|Any CPU
		Release|Any CPU = Release|Any CPU
	EndGlobalSection
	GlobalSection(ProjectConfigurationPlatforms) = postSolution
		{8D06553E-2301-96AC-7040-93DBDCC9D3C7}.Debug|Any CPU.ActiveCfg = Debug|Any CPU
		{8D06553E-2301-96AC-7040-93DBDCC9D3C7}.Debug|Any CPU.Build.0 = Debug|Any CPU
		{8D06553E-2301-96AC-7040-93DBDCC9D3C7}.Release|Any CPU.ActiveCfg = Release|Any CPU
		{8D06553E-2301-96AC-7040-93DBDCC9D3C7}.Release|Any CPU.Build.0 = Release|Any CPU
		{F5EBAEE2-3F64-E411-75AF-1BE518E56440}.Debug|Any CPU.ActiveCfg = Debug|Any CPU
		{F5EBAEE2-3F64-E411-75AF-1BE518E56440}.Debug|Any CPU.Build.0 = Debug|Any CPU
		{F5EBAEE2-3F64-E411-75AF-1BE518E56440}.Release|Any CPU.ActiveCfg = Release|Any CPU
		{F5EBAEE2-3F64-E411-75AF-1BE518E56440}.Release|Any CPU.Build.0 = Release|Any CPU
	EndGlobalSection
	GlobalSection(SolutionProperties) = preSolution
		HideSolutionNode = FALSE
	EndGlobalSection
EndGlobal
